// !$*UTF8*$!
{
	archiveVersion = 1;
	classes = {
	};
	objectVersion = 54;
	objects = {

/* Begin PBXBuildFile section */
		33663FAD23788EC5006DB4B5 /* ExDefines.swift in Sources */ = {isa = PBXBuildFile; fileRef = 33663FAC23788EC5006DB4B5 /* ExDefines.swift */; };
		33E4DF50235A49C5003C13A7 /* Clutch.swift in Sources */ = {isa = PBXBuildFile; fileRef = 33E4DF4F235A49C5003C13A7 /* Clutch.swift */; };
		33E4DF8D235A5631003C13A7 /* CoreServices.framework in Frameworks */ = {isa = PBXBuildFile; fileRef = 33E4DF8C235A5631003C13A7 /* CoreServices.framework */; };
		33E4DF97235A68A1003C13A7 /* Executable.swift in Sources */ = {isa = PBXBuildFile; fileRef = 33E4DF96235A68A1003C13A7 /* Executable.swift */; };
		33E4DF9E235B20E6003C13A7 /* Executable+Extensions.swift in Sources */ = {isa = PBXBuildFile; fileRef = 33E4DF9D235B20E6003C13A7 /* Executable+Extensions.swift */; };
		33E4DFA0235B5DBD003C13A7 /* LSApplicationProxy+Extension.swift in Sources */ = {isa = PBXBuildFile; fileRef = 33E4DF9F235B5DBD003C13A7 /* LSApplicationProxy+Extension.swift */; };
		33E4DFAC235B7FE9003C13A7 /* Device.swift in Sources */ = {isa = PBXBuildFile; fileRef = 33E4DFAB235B7FE9003C13A7 /* Device.swift */; };
		C8561725263F108A00657768 /* CryptoKit.framework in Frameworks */ = {isa = PBXBuildFile; fileRef = C8561724263F108A00657768 /* CryptoKit.framework */; };
		C8561729263F117400657768 /* sha1.c in Sources */ = {isa = PBXBuildFile; fileRef = C8561727263F117400657768 /* sha1.c */; };
		C86AD26F2541B36200406EC8 /* Data+Extensions.swift in Sources */ = {isa = PBXBuildFile; fileRef = C86AD26E2541B36200406EC8 /* Data+Extensions.swift */; };
		C86AD2722541B39B00406EC8 /* MachVM+Extensions.swift in Sources */ = {isa = PBXBuildFile; fileRef = C86AD2712541B39B00406EC8 /* MachVM+Extensions.swift */; };
		C86AD2752541B3F600406EC8 /* BinaryInteger+Extensions.swift in Sources */ = {isa = PBXBuildFile; fileRef = C86AD2742541B3F600406EC8 /* BinaryInteger+Extensions.swift */; };
		C86AD27B2541B51000406EC8 /* FileManager+Extensions.swift in Sources */ = {isa = PBXBuildFile; fileRef = C86AD27A2541B51000406EC8 /* FileManager+Extensions.swift */; };
		C8872417235B2C12004DB8A6 /* AppManager.swift in Sources */ = {isa = PBXBuildFile; fileRef = C8872416235B2C12004DB8A6 /* AppManager.swift */; };
		C8AF8C22237ADFB70011D3F0 /* ASLRDisabler.swift in Sources */ = {isa = PBXBuildFile; fileRef = C8AF8C21237ADFB70011D3F0 /* ASLRDisabler.swift */; };
		C8C6AA14235A1C7C00D99C9B /* move_and_sign.sh in Resources */ = {isa = PBXBuildFile; fileRef = C8C6AA13235A1C7C00D99C9B /* move_and_sign.sh */; };
		CE387A2A28EAC88A008D3565 /* ArgumentParser in Frameworks */ = {isa = PBXBuildFile; productRef = CE387A2928EAC88A008D3565 /* ArgumentParser */; };
		E9970EBB2701C3CA00B85840 /* ASLRDisabler.m in Sources */ = {isa = PBXBuildFile; fileRef = E9970EBA2701C3CA00B85840 /* ASLRDisabler.m */; };
		E9970EBE2701E31C00B85840 /* Logger.swift in Sources */ = {isa = PBXBuildFile; fileRef = E9970EBD2701E31C00B85840 /* Logger.swift */; };
		E9970EC12701EF8200B85840 /* Dumper.swift in Sources */ = {isa = PBXBuildFile; fileRef = E9970EC02701EF8200B85840 /* Dumper.swift */; };
		E99CF7DC2704A3C4008EA107 /* ARM64FrameworkDumper.swift in Sources */ = {isa = PBXBuildFile; fileRef = E99CF7DB2704A3C4008EA107 /* ARM64FrameworkDumper.swift */; };
		E99CF7DE2704A4E9008EA107 /* ARM64Dumper.swift in Sources */ = {isa = PBXBuildFile; fileRef = E99CF7DD2704A4E9008EA107 /* ARM64Dumper.swift */; };
		E9EDC8E12705FA080010CB92 /* FrameworkDumper.m in Sources */ = {isa = PBXBuildFile; fileRef = E9EDC8E02705FA080010CB92 /* FrameworkDumper.m */; };
/* End PBXBuildFile section */

/* Begin PBXFileReference section */
		332801352378B1F10054035E /* mach_vm.h */ = {isa = PBXFileReference; lastKnownFileType = sourcecode.c.h; path = mach_vm.h; sourceTree = "<group>"; };
		33663FAC23788EC5006DB4B5 /* ExDefines.swift */ = {isa = PBXFileReference; lastKnownFileType = sourcecode.swift; path = ExDefines.swift; sourceTree = "<group>"; };
		33E4DF4D235A3D3A003C13A7 /* Clutch.entitlements */ = {isa = PBXFileReference; lastKnownFileType = text.plist.entitlements; path = Clutch.entitlements; sourceTree = "<group>"; };
		33E4DF4E235A49C5003C13A7 /* Clutch-Bridging-Header.h */ = {isa = PBXFileReference; lastKnownFileType = sourcecode.c.h; path = "Clutch-Bridging-Header.h"; sourceTree = "<group>"; };
		33E4DF4F235A49C5003C13A7 /* Clutch.swift */ = {isa = PBXFileReference; lastKnownFileType = sourcecode.swift; path = Clutch.swift; sourceTree = "<group>"; };
		33E4DF8C235A5631003C13A7 /* CoreServices.framework */ = {isa = PBXFileReference; lastKnownFileType = wrapper.framework; name = CoreServices.framework; path = System/Library/Frameworks/CoreServices.framework; sourceTree = SDKROOT; };
		33E4DF8F235A56CB003C13A7 /* LSApplicationWorkspace.h */ = {isa = PBXFileReference; lastKnownFileType = sourcecode.c.h; path = LSApplicationWorkspace.h; sourceTree = "<group>"; };
		33E4DF96235A68A1003C13A7 /* Executable.swift */ = {isa = PBXFileReference; lastKnownFileType = sourcecode.swift; path = Executable.swift; sourceTree = "<group>"; };
		33E4DF9D235B20E6003C13A7 /* Executable+Extensions.swift */ = {isa = PBXFileReference; lastKnownFileType = sourcecode.swift; path = "Executable+Extensions.swift"; sourceTree = "<group>"; };
		33E4DF9F235B5DBD003C13A7 /* LSApplicationProxy+Extension.swift */ = {isa = PBXFileReference; lastKnownFileType = sourcecode.swift; path = "LSApplicationProxy+Extension.swift"; sourceTree = "<group>"; };
		33E4DFAB235B7FE9003C13A7 /* Device.swift */ = {isa = PBXFileReference; lastKnownFileType = sourcecode.swift; path = Device.swift; sourceTree = "<group>"; };
		C8561724263F108A00657768 /* CryptoKit.framework */ = {isa = PBXFileReference; lastKnownFileType = wrapper.framework; name = CryptoKit.framework; path = System/Library/Frameworks/CryptoKit.framework; sourceTree = SDKROOT; };
		C8561727263F117400657768 /* sha1.c */ = {isa = PBXFileReference; fileEncoding = 4; lastKnownFileType = sourcecode.c.c; path = sha1.c; sourceTree = "<group>"; };
		C8561728263F117400657768 /* sha1.h */ = {isa = PBXFileReference; fileEncoding = 4; lastKnownFileType = sourcecode.c.h; path = sha1.h; sourceTree = "<group>"; };
		C86AD26E2541B36200406EC8 /* Data+Extensions.swift */ = {isa = PBXFileReference; lastKnownFileType = sourcecode.swift; path = "Data+Extensions.swift"; sourceTree = "<group>"; };
		C86AD2712541B39B00406EC8 /* MachVM+Extensions.swift */ = {isa = PBXFileReference; lastKnownFileType = sourcecode.swift; path = "MachVM+Extensions.swift"; sourceTree = "<group>"; };
		C86AD2742541B3F600406EC8 /* BinaryInteger+Extensions.swift */ = {isa = PBXFileReference; lastKnownFileType = sourcecode.swift; path = "BinaryInteger+Extensions.swift"; sourceTree = "<group>"; };
		C86AD27A2541B51000406EC8 /* FileManager+Extensions.swift */ = {isa = PBXFileReference; lastKnownFileType = sourcecode.swift; path = "FileManager+Extensions.swift"; sourceTree = "<group>"; };
		C86AD27E2542C90C00406EC8 /* Security.framework */ = {isa = PBXFileReference; lastKnownFileType = wrapper.framework; name = Security.framework; path = System/Library/Frameworks/Security.framework; sourceTree = SDKROOT; };
		C88016F3236090AD0058D4EB /* libc.tbd */ = {isa = PBXFileReference; lastKnownFileType = "sourcecode.text-based-dylib-definition"; name = libc.tbd; path = usr/lib/libc.tbd; sourceTree = SDKROOT; };
		C8872416235B2C12004DB8A6 /* AppManager.swift */ = {isa = PBXFileReference; fileEncoding = 4; lastKnownFileType = sourcecode.swift; path = AppManager.swift; sourceTree = "<group>"; };
		C8AF8C1323797C7B0011D3F0 /* .swiftlint.yml */ = {isa = PBXFileReference; lastKnownFileType = text.yaml; path = .swiftlint.yml; sourceTree = "<group>"; };
		C8AF8C21237ADFB70011D3F0 /* ASLRDisabler.swift */ = {isa = PBXFileReference; lastKnownFileType = sourcecode.swift; path = ASLRDisabler.swift; sourceTree = "<group>"; };
		C8C6A9F3235A1B4600D99C9B /* Clutch.app */ = {isa = PBXFileReference; explicitFileType = wrapper.application; includeInIndex = 0; path = Clutch.app; sourceTree = BUILT_PRODUCTS_DIR; };
		C8C6AA07235A1B4700D99C9B /* Info.plist */ = {isa = PBXFileReference; lastKnownFileType = text.plist.xml; path = Info.plist; sourceTree = "<group>"; };
		C8C6AA13235A1C7C00D99C9B /* move_and_sign.sh */ = {isa = PBXFileReference; fileEncoding = 4; lastKnownFileType = text.script.sh; path = move_and_sign.sh; sourceTree = "<group>"; };
		E9970EB92701C3CA00B85840 /* ASLRDisabler.h */ = {isa = PBXFileReference; lastKnownFileType = sourcecode.c.h; path = ASLRDisabler.h; sourceTree = "<group>"; };
		E9970EBA2701C3CA00B85840 /* ASLRDisabler.m */ = {isa = PBXFileReference; lastKnownFileType = sourcecode.c.objc; path = ASLRDisabler.m; sourceTree = "<group>"; };
		E9970EBD2701E31C00B85840 /* Logger.swift */ = {isa = PBXFileReference; lastKnownFileType = sourcecode.swift; path = Logger.swift; sourceTree = "<group>"; };
		E9970EC02701EF8200B85840 /* Dumper.swift */ = {isa = PBXFileReference; lastKnownFileType = sourcecode.swift; path = Dumper.swift; sourceTree = "<group>"; };
		E99CF7DB2704A3C4008EA107 /* ARM64FrameworkDumper.swift */ = {isa = PBXFileReference; lastKnownFileType = sourcecode.swift; path = ARM64FrameworkDumper.swift; sourceTree = "<group>"; };
		E99CF7DD2704A4E9008EA107 /* ARM64Dumper.swift */ = {isa = PBXFileReference; lastKnownFileType = sourcecode.swift; path = ARM64Dumper.swift; sourceTree = "<group>"; };
		E9EDC8DF2705FA080010CB92 /* FrameworkDumper.h */ = {isa = PBXFileReference; lastKnownFileType = sourcecode.c.h; path = FrameworkDumper.h; sourceTree = "<group>"; };
		E9EDC8E02705FA080010CB92 /* FrameworkDumper.m */ = {isa = PBXFileReference; lastKnownFileType = sourcecode.c.objc; path = FrameworkDumper.m; sourceTree = "<group>"; };
/* End PBXFileReference section */

/* Begin PBXFrameworksBuildPhase section */
		C8C6A9F0235A1B4600D99C9B /* Frameworks */ = {
			isa = PBXFrameworksBuildPhase;
			buildActionMask = 2147483647;
			files = (
				CE387A2A28EAC88A008D3565 /* ArgumentParser in Frameworks */,
				C8561725263F108A00657768 /* CryptoKit.framework in Frameworks */,
				33E4DF8D235A5631003C13A7 /* CoreServices.framework in Frameworks */,
			);
			runOnlyForDeploymentPostprocessing = 0;
		};
/* End PBXFrameworksBuildPhase section */

/* Begin PBXGroup section */
		33E4DF8B235A5631003C13A7 /* Frameworks */ = {
			isa = PBXGroup;
			children = (
				C8561724263F108A00657768 /* CryptoKit.framework */,
				C86AD27E2542C90C00406EC8 /* Security.framework */,
				C88016F3236090AD0058D4EB /* libc.tbd */,
				33E4DF8C235A5631003C13A7 /* CoreServices.framework */,
			);
			name = Frameworks;
			sourceTree = "<group>";
		};
		33E4DF8E235A56B0003C13A7 /* PrivateHeaders */ = {
			isa = PBXGroup;
			children = (
				33E4DF8F235A56CB003C13A7 /* LSApplicationWorkspace.h */,
				332801352378B1F10054035E /* mach_vm.h */,
			);
			path = PrivateHeaders;
			sourceTree = "<group>";
		};
		33E4DF9C235B20D4003C13A7 /* Extensions */ = {
			isa = PBXGroup;
			children = (
				33E4DF9F235B5DBD003C13A7 /* LSApplicationProxy+Extension.swift */,
				33663FAC23788EC5006DB4B5 /* ExDefines.swift */,
				33E4DF9D235B20E6003C13A7 /* Executable+Extensions.swift */,
				C86AD26E2541B36200406EC8 /* Data+Extensions.swift */,
				C86AD2712541B39B00406EC8 /* MachVM+Extensions.swift */,
				C86AD2742541B3F600406EC8 /* BinaryInteger+Extensions.swift */,
				C86AD27A2541B51000406EC8 /* FileManager+Extensions.swift */,
			);
			path = Extensions;
			sourceTree = "<group>";
		};
		33E4DFAA235B7FDD003C13A7 /* Device */ = {
			isa = PBXGroup;
			children = (
				33E4DFAB235B7FE9003C13A7 /* Device.swift */,
			);
			path = Device;
			sourceTree = "<group>";
		};
		33E4DFAD235B7FED003C13A7 /* Bundle */ = {
			isa = PBXGroup;
			children = (
				33E4DF96235A68A1003C13A7 /* Executable.swift */,
			);
			path = Bundle;
			sourceTree = "<group>";
		};
		C85D4842264002600081F161 /* Obj-C */ = {
			isa = PBXGroup;
			children = (
				E9970EB92701C3CA00B85840 /* ASLRDisabler.h */,
				E9970EBA2701C3CA00B85840 /* ASLRDisabler.m */,
				E9EDC8DF2705FA080010CB92 /* FrameworkDumper.h */,
				E9EDC8E02705FA080010CB92 /* FrameworkDumper.m */,
			);
			path = "Obj-C";
			sourceTree = "<group>";
		};
		C8872415235B2C12004DB8A6 /* Application */ = {
			isa = PBXGroup;
			children = (
				C8872416235B2C12004DB8A6 /* AppManager.swift */,
			);
			path = Application;
			sourceTree = "<group>";
		};
		C8C6A9EA235A1B4600D99C9B = {
			isa = PBXGroup;
			children = (
				C8AF8C1323797C7B0011D3F0 /* .swiftlint.yml */,
				C8C6A9F5235A1B4600D99C9B /* Clutch */,
				C8C6A9F4235A1B4600D99C9B /* Products */,
				33E4DF8B235A5631003C13A7 /* Frameworks */,
			);
			sourceTree = "<group>";
		};
		C8C6A9F4235A1B4600D99C9B /* Products */ = {
			isa = PBXGroup;
			children = (
				C8C6A9F3235A1B4600D99C9B /* Clutch.app */,
			);
			name = Products;
			sourceTree = "<group>";
		};
		C8C6A9F5235A1B4600D99C9B /* Clutch */ = {
			isa = PBXGroup;
			children = (
				E9970EBC2701E30C00B85840 /* Logging */,
				C85D4842264002600081F161 /* Obj-C */,
				C8561727263F117400657768 /* sha1.c */,
				C8561728263F117400657768 /* sha1.h */,
				E9970EBF2701EF7700B85840 /* Dumper */,
				33E4DFAD235B7FED003C13A7 /* Bundle */,
				33E4DFAA235B7FDD003C13A7 /* Device */,
				C8872415235B2C12004DB8A6 /* Application */,
				33E4DF9C235B20D4003C13A7 /* Extensions */,
				33E4DF8E235A56B0003C13A7 /* PrivateHeaders */,
				C8C6AA12235A1C6F00D99C9B /* scripts */,
				C8C6AA07235A1B4700D99C9B /* Info.plist */,
				33E4DF4F235A49C5003C13A7 /* Clutch.swift */,
				33E4DF4E235A49C5003C13A7 /* Clutch-Bridging-Header.h */,
			);
			path = Clutch;
			sourceTree = "<group>";
		};
		C8C6AA12235A1C6F00D99C9B /* scripts */ = {
			isa = PBXGroup;
			children = (
				33E4DF4D235A3D3A003C13A7 /* Clutch.entitlements */,
				C8C6AA13235A1C7C00D99C9B /* move_and_sign.sh */,
			);
			path = scripts;
			sourceTree = "<group>";
		};
		E9970EBC2701E30C00B85840 /* Logging */ = {
			isa = PBXGroup;
			children = (
				E9970EBD2701E31C00B85840 /* Logger.swift */,
			);
			path = Logging;
			sourceTree = "<group>";
		};
		E9970EBF2701EF7700B85840 /* Dumper */ = {
			isa = PBXGroup;
			children = (
				C8AF8C21237ADFB70011D3F0 /* ASLRDisabler.swift */,
				E9970EC02701EF8200B85840 /* Dumper.swift */,
				E99CF7DD2704A4E9008EA107 /* ARM64Dumper.swift */,
				E99CF7DB2704A3C4008EA107 /* ARM64FrameworkDumper.swift */,
			);
			path = Dumper;
			sourceTree = "<group>";
		};
/* End PBXGroup section */

/* Begin PBXNativeTarget section */
		C8C6A9F2235A1B4600D99C9B /* Clutch */ = {
			isa = PBXNativeTarget;
			buildConfigurationList = C8C6AA0C235A1B4700D99C9B /* Build configuration list for PBXNativeTarget "Clutch" */;
			buildPhases = (
				C8C6A9EF235A1B4600D99C9B /* Sources */,
				C8C6A9F0235A1B4600D99C9B /* Frameworks */,
				C8C6A9F1235A1B4600D99C9B /* Resources */,
				C8C6AA15235A1CCD00D99C9B /* ShellScript */,
			);
			buildRules = (
			);
			dependencies = (
			);
			name = Clutch;
			packageProductDependencies = (
				CE387A2928EAC88A008D3565 /* ArgumentParser */,
			);
			productName = Clutch;
			productReference = C8C6A9F3235A1B4600D99C9B /* Clutch.app */;
			productType = "com.apple.product-type.application";
		};
/* End PBXNativeTarget section */

/* Begin PBXProject section */
		C8C6A9EB235A1B4600D99C9B /* Project object */ = {
			isa = PBXProject;
			attributes = {
				BuildIndependentTargetsInParallel = YES;
				LastUpgradeCheck = 1530;
				ORGANIZATIONNAME = "Kim-Jong Cracks";
				TargetAttributes = {
					C8C6A9F2235A1B4600D99C9B = {
						CreatedOnToolsVersion = 11.1;
						LastSwiftMigration = 1120;
					};
				};
			};
			buildConfigurationList = C8C6A9EE235A1B4600D99C9B /* Build configuration list for PBXProject "Clutch" */;
			compatibilityVersion = "Xcode 9.3";
			developmentRegion = en;
			hasScannedForEncodings = 0;
			knownRegions = (
				en,
				Base,
			);
			mainGroup = C8C6A9EA235A1B4600D99C9B;
			packageReferences = (
				CE387A2828EAC88A008D3565 /* XCRemoteSwiftPackageReference "swift-argument-parser" */,
			);
			productRefGroup = C8C6A9F4235A1B4600D99C9B /* Products */;
			projectDirPath = "";
			projectRoot = "";
			targets = (
				C8C6A9F2235A1B4600D99C9B /* Clutch */,
			);
		};
/* End PBXProject section */

/* Begin PBXResourcesBuildPhase section */
		C8C6A9F1235A1B4600D99C9B /* Resources */ = {
			isa = PBXResourcesBuildPhase;
			buildActionMask = 2147483647;
			files = (
				C8C6AA14235A1C7C00D99C9B /* move_and_sign.sh in Resources */,
			);
			runOnlyForDeploymentPostprocessing = 0;
		};
/* End PBXResourcesBuildPhase section */

/* Begin PBXShellScriptBuildPhase section */
		C8C6AA15235A1CCD00D99C9B /* ShellScript */ = {
			isa = PBXShellScriptBuildPhase;
			alwaysOutOfDate = 1;
			buildActionMask = 2147483647;
			files = (
			);
			inputFileListPaths = (
			);
			inputPaths = (
			);
			outputFileListPaths = (
			);
			outputPaths = (
			);
			runOnlyForDeploymentPostprocessing = 0;
			shellPath = /bin/zsh;
			shellScript = "#if which swiftlint >/dev/null; then\n#  swiftlint\n#else\n#  echo \"warning: SwiftLint not installed, download from https://github.com/realm/SwiftLint\"\n#fi\n\n\"$PROJECT_DIR/Clutch/scripts/move_and_sign.sh\"\n";
		};
/* End PBXShellScriptBuildPhase section */

/* Begin PBXSourcesBuildPhase section */
		C8C6A9EF235A1B4600D99C9B /* Sources */ = {
			isa = PBXSourcesBuildPhase;
			buildActionMask = 2147483647;
			files = (
				33E4DFA0235B5DBD003C13A7 /* LSApplicationProxy+Extension.swift in Sources */,
				C8561729263F117400657768 /* sha1.c in Sources */,
				33E4DF97235A68A1003C13A7 /* Executable.swift in Sources */,
				E99CF7DE2704A4E9008EA107 /* ARM64Dumper.swift in Sources */,
				C86AD27B2541B51000406EC8 /* FileManager+Extensions.swift in Sources */,
				E99CF7DC2704A3C4008EA107 /* ARM64FrameworkDumper.swift in Sources */,
				C8872417235B2C12004DB8A6 /* AppManager.swift in Sources */,
				C86AD26F2541B36200406EC8 /* Data+Extensions.swift in Sources */,
				33E4DF9E235B20E6003C13A7 /* Executable+Extensions.swift in Sources */,
				33E4DFAC235B7FE9003C13A7 /* Device.swift in Sources */,
				33663FAD23788EC5006DB4B5 /* ExDefines.swift in Sources */,
				E9EDC8E12705FA080010CB92 /* FrameworkDumper.m in Sources */,
				C8AF8C22237ADFB70011D3F0 /* ASLRDisabler.swift in Sources */,
				E9970EBE2701E31C00B85840 /* Logger.swift in Sources */,
				E9970EC12701EF8200B85840 /* Dumper.swift in Sources */,
				E9970EBB2701C3CA00B85840 /* ASLRDisabler.m in Sources */,
				C86AD2752541B3F600406EC8 /* BinaryInteger+Extensions.swift in Sources */,
				33E4DF50235A49C5003C13A7 /* Clutch.swift in Sources */,
				C86AD2722541B39B00406EC8 /* MachVM+Extensions.swift in Sources */,
			);
			runOnlyForDeploymentPostprocessing = 0;
		};
/* End PBXSourcesBuildPhase section */

/* Begin XCBuildConfiguration section */
		C8C6AA0A235A1B4700D99C9B /* Debug */ = {
			isa = XCBuildConfiguration;
			buildSettings = {
				ALWAYS_SEARCH_USER_PATHS = NO;
				CLANG_ANALYZER_NONNULL = YES;
				CLANG_ANALYZER_NUMBER_OBJECT_CONVERSION = YES_AGGRESSIVE;
				CLANG_CXX_LANGUAGE_STANDARD = "gnu++14";
				CLANG_CXX_LIBRARY = "libc++";
				CLANG_ENABLE_MODULES = YES;
				CLANG_ENABLE_OBJC_ARC = YES;
				CLANG_ENABLE_OBJC_WEAK = YES;
				CLANG_WARN_BLOCK_CAPTURE_AUTORELEASING = YES;
				CLANG_WARN_BOOL_CONVERSION = YES;
				CLANG_WARN_COMMA = YES;
				CLANG_WARN_CONSTANT_CONVERSION = YES;
				CLANG_WARN_DEPRECATED_OBJC_IMPLEMENTATIONS = YES;
				CLANG_WARN_DIRECT_OBJC_ISA_USAGE = YES_ERROR;
				CLANG_WARN_DOCUMENTATION_COMMENTS = YES;
				CLANG_WARN_EMPTY_BODY = YES;
				CLANG_WARN_ENUM_CONVERSION = YES;
				CLANG_WARN_FLOAT_CONVERSION = YES;
				CLANG_WARN_IMPLICIT_SIGN_CONVERSION = YES;
				CLANG_WARN_INFINITE_RECURSION = YES;
				CLANG_WARN_INT_CONVERSION = YES;
				CLANG_WARN_NON_LITERAL_NULL_CONVERSION = YES;
				CLANG_WARN_OBJC_IMPLICIT_RETAIN_SELF = YES;
				CLANG_WARN_OBJC_LITERAL_CONVERSION = YES;
				CLANG_WARN_OBJC_ROOT_CLASS = YES_ERROR;
				CLANG_WARN_QUOTED_INCLUDE_IN_FRAMEWORK_HEADER = YES;
				CLANG_WARN_RANGE_LOOP_ANALYSIS = YES;
				CLANG_WARN_STRICT_PROTOTYPES = YES;
				CLANG_WARN_SUSPICIOUS_MOVE = YES;
				CLANG_WARN_UNGUARDED_AVAILABILITY = YES_AGGRESSIVE;
				CLANG_WARN_UNREACHABLE_CODE = YES;
				CLANG_WARN__DUPLICATE_METHOD_MATCH = YES;
				CODE_SIGN_IDENTITY = "";
				CODE_SIGN_STYLE = Manual;
				COPY_PHASE_STRIP = NO;
				DEBUG_INFORMATION_FORMAT = dwarf;
				ENABLE_STRICT_OBJC_MSGSEND = YES;
				ENABLE_TESTABILITY = YES;
				GCC_C_LANGUAGE_STANDARD = gnu11;
				GCC_DYNAMIC_NO_PIC = NO;
				GCC_NO_COMMON_BLOCKS = YES;
				GCC_OPTIMIZATION_LEVEL = 0;
				GCC_PREPROCESSOR_DEFINITIONS = (
					"DEBUG=1",
					"$(inherited)",
				);
				GCC_WARN_64_TO_32_BIT_CONVERSION = YES;
				GCC_WARN_ABOUT_RETURN_TYPE = YES_ERROR;
				GCC_WARN_INITIALIZER_NOT_FULLY_BRACKETED = YES;
				GCC_WARN_SHADOW = YES;
				GCC_WARN_UNDECLARED_SELECTOR = YES;
				GCC_WARN_UNINITIALIZED_AUTOS = YES_AGGRESSIVE;
				GCC_WARN_UNUSED_FUNCTION = YES;
				GCC_WARN_UNUSED_VARIABLE = YES;
				IPHONEOS_DEPLOYMENT_TARGET = 9.0;
				MTL_ENABLE_DEBUG_INFO = INCLUDE_SOURCE;
				MTL_FAST_MATH = YES;
				ONLY_ACTIVE_ARCH = YES;
				SDKROOT = iphoneos;
				STRIP_INSTALLED_PRODUCT = NO;
				STRIP_SWIFT_SYMBOLS = NO;
			};
			name = Debug;
		};
		C8C6AA0B235A1B4700D99C9B /* Release */ = {
			isa = XCBuildConfiguration;
			buildSettings = {
				ALWAYS_SEARCH_USER_PATHS = NO;
				CLANG_ANALYZER_NONNULL = YES;
				CLANG_ANALYZER_NUMBER_OBJECT_CONVERSION = YES_AGGRESSIVE;
				CLANG_CXX_LANGUAGE_STANDARD = "gnu++14";
				CLANG_CXX_LIBRARY = "libc++";
				CLANG_ENABLE_MODULES = YES;
				CLANG_ENABLE_OBJC_ARC = YES;
				CLANG_ENABLE_OBJC_WEAK = YES;
				CLANG_WARN_BLOCK_CAPTURE_AUTORELEASING = YES;
				CLANG_WARN_BOOL_CONVERSION = YES;
				CLANG_WARN_COMMA = YES;
				CLANG_WARN_CONSTANT_CONVERSION = YES;
				CLANG_WARN_DEPRECATED_OBJC_IMPLEMENTATIONS = YES;
				CLANG_WARN_DIRECT_OBJC_ISA_USAGE = YES_ERROR;
				CLANG_WARN_DOCUMENTATION_COMMENTS = YES;
				CLANG_WARN_EMPTY_BODY = YES;
				CLANG_WARN_ENUM_CONVERSION = YES;
				CLANG_WARN_FLOAT_CONVERSION = YES;
				CLANG_WARN_IMPLICIT_SIGN_CONVERSION = YES;
				CLANG_WARN_INFINITE_RECURSION = YES;
				CLANG_WARN_INT_CONVERSION = YES;
				CLANG_WARN_NON_LITERAL_NULL_CONVERSION = YES;
				CLANG_WARN_OBJC_IMPLICIT_RETAIN_SELF = YES;
				CLANG_WARN_OBJC_LITERAL_CONVERSION = YES;
				CLANG_WARN_OBJC_ROOT_CLASS = YES_ERROR;
				CLANG_WARN_QUOTED_INCLUDE_IN_FRAMEWORK_HEADER = YES;
				CLANG_WARN_RANGE_LOOP_ANALYSIS = YES;
				CLANG_WARN_STRICT_PROTOTYPES = YES;
				CLANG_WARN_SUSPICIOUS_MOVE = YES;
				CLANG_WARN_UNGUARDED_AVAILABILITY = YES_AGGRESSIVE;
				CLANG_WARN_UNREACHABLE_CODE = YES;
				CLANG_WARN__DUPLICATE_METHOD_MATCH = YES;
				CODE_SIGN_IDENTITY = "";
				CODE_SIGN_STYLE = Manual;
				COPY_PHASE_STRIP = NO;
				DEBUG_INFORMATION_FORMAT = "dwarf-with-dsym";
				ENABLE_NS_ASSERTIONS = NO;
				ENABLE_STRICT_OBJC_MSGSEND = YES;
				GCC_C_LANGUAGE_STANDARD = gnu11;
				GCC_NO_COMMON_BLOCKS = YES;
				GCC_WARN_64_TO_32_BIT_CONVERSION = YES;
				GCC_WARN_ABOUT_RETURN_TYPE = YES_ERROR;
				GCC_WARN_INITIALIZER_NOT_FULLY_BRACKETED = YES;
				GCC_WARN_SHADOW = YES;
				GCC_WARN_UNDECLARED_SELECTOR = YES;
				GCC_WARN_UNINITIALIZED_AUTOS = YES_AGGRESSIVE;
				GCC_WARN_UNUSED_FUNCTION = YES;
				GCC_WARN_UNUSED_VARIABLE = YES;
				IPHONEOS_DEPLOYMENT_TARGET = 9.0;
				MTL_ENABLE_DEBUG_INFO = NO;
				MTL_FAST_MATH = YES;
				SDKROOT = iphoneos;
				STRIP_INSTALLED_PRODUCT = NO;
				STRIP_SWIFT_SYMBOLS = NO;
				SWIFT_COMPILATION_MODE = wholemodule;
				VALIDATE_PRODUCT = YES;
			};
			name = Release;
		};
		C8C6AA0D235A1B4700D99C9B /* Debug */ = {
			isa = XCBuildConfiguration;
			buildSettings = {
				CLANG_ENABLE_MODULES = YES;
				CODE_SIGN_IDENTITY = "";
				CODE_SIGN_STYLE = Manual;
				DEBUG_INFORMATION_FORMAT = dwarf;
				DEFINES_MODULE = YES;
				DEVICE_IP = localhost;
				DEVICE_PORT = 2222;
				ENABLE_MODULE_VERIFIER = YES;
				INFOPLIST_FILE = Clutch/Info.plist;
				IPHONEOS_DEPLOYMENT_TARGET = 13.0;
				LD_RUNPATH_SEARCH_PATHS = (
					"$(inherited)",
					"@executable_path/Frameworks",
				);
				MODULE_VERIFIER_SUPPORTED_LANGUAGE_STANDARDS = "gnu11 gnu++14";
				ONLY_ACTIVE_ARCH = NO;
				OTHER_SWIFT_FLAGS = "\"-DDEBUG\"";
				PRODUCT_BUNDLE_IDENTIFIER = kjc.Clutch.Clutch;
				PRODUCT_NAME = "$(TARGET_NAME)";
				SWIFT_OBJC_BRIDGING_HEADER = "Clutch/Clutch-Bridging-Header.h";
				SWIFT_OPTIMIZATION_LEVEL = "-Onone";
				SWIFT_VERSION = 5.0;
				TARGETED_DEVICE_FAMILY = "1,2";
				VALID_ARCHS = "arm64 arm64e armv7 armv7s";
			};
			name = Debug;
		};
		C8C6AA0E235A1B4700D99C9B /* Release */ = {
			isa = XCBuildConfiguration;
			buildSettings = {
				CLANG_ENABLE_MODULES = YES;
				CODE_SIGN_IDENTITY = "";
				CODE_SIGN_STYLE = Manual;
				DEBUG_INFORMATION_FORMAT = dwarf;
				DEFINES_MODULE = YES;
				DEVICE_IP = localhost;
				DEVICE_PORT = 2222;
				ENABLE_MODULE_VERIFIER = YES;
				INFOPLIST_FILE = Clutch/Info.plist;
				IPHONEOS_DEPLOYMENT_TARGET = 13.0;
				LD_RUNPATH_SEARCH_PATHS = (
					"$(inherited)",
					"@executable_path/Frameworks",
				);
				MODULE_VERIFIER_SUPPORTED_LANGUAGE_STANDARDS = "gnu11 gnu++14";
				ONLY_ACTIVE_ARCH = NO;
				OTHER_SWIFT_FLAGS = "\"-DDEBUG\"";
				PRODUCT_BUNDLE_IDENTIFIER = kjc.Clutch.Clutch;
				PRODUCT_NAME = "$(TARGET_NAME)";
				SWIFT_OBJC_BRIDGING_HEADER = "Clutch/Clutch-Bridging-Header.h";
				SWIFT_VERSION = 5.0;
				TARGETED_DEVICE_FAMILY = "1,2";
				VALID_ARCHS = "arm64 arm64e armv7 armv7s";
			};
			name = Release;
		};
/* End XCBuildConfiguration section */

/* Begin XCConfigurationList section */
		C8C6A9EE235A1B4600D99C9B /* Build configuration list for PBXProject "Clutch" */ = {
			isa = XCConfigurationList;
			buildConfigurations = (
				C8C6AA0A235A1B4700D99C9B /* Debug */,
				C8C6AA0B235A1B4700D99C9B /* Release */,
			);
			defaultConfigurationIsVisible = 0;
			defaultConfigurationName = Release;
		};
		C8C6AA0C235A1B4700D99C9B /* Build configuration list for PBXNativeTarget "Clutch" */ = {
			isa = XCConfigurationList;
			buildConfigurations = (
				C8C6AA0D235A1B4700D99C9B /* Debug */,
				C8C6AA0E235A1B4700D99C9B /* Release */,
			);
			defaultConfigurationIsVisible = 0;
			defaultConfigurationName = Release;
		};
/* End XCConfigurationList section */

/* Begin XCRemoteSwiftPackageReference section */
		CE387A2828EAC88A008D3565 /* XCRemoteSwiftPackageReference "swift-argument-parser" */ = {
			isa = XCRemoteSwiftPackageReference;
			repositoryURL = "https://github.com/apple/swift-argument-parser.git";
			requirement = {
				kind = upToNextMajorVersion;
				minimumVersion = 1.0.0;
			};
		};
/* End XCRemoteSwiftPackageReference section */

/* Begin XCSwiftPackageProductDependency section */
		CE387A2928EAC88A008D3565 /* ArgumentParser */ = {
			isa = XCSwiftPackageProductDependency;
			package = CE387A2828EAC88A008D3565 /* XCRemoteSwiftPackageReference "swift-argument-parser" */;
			productName = ArgumentParser;
		};
/* End XCSwiftPackageProductDependency section */
	};
	rootObject = C8C6A9EB235A1B4600D99C9B /* Project object */;
}
